// !$*UTF8*$!
{
	archiveVersion = 1;
	classes = {
	};
	objectVersion = 55;
	objects = {

/* Begin PBXBuildFile section */
		19A002AD29085FF30095A45C /* AppDelegate.swift in Sources */ = {isa = PBXBuildFile; fileRef = 19A002AC29085FF30095A45C /* AppDelegate.swift */; };
		19A002AF29085FF30095A45C /* SceneDelegate.swift in Sources */ = {isa = PBXBuildFile; fileRef = 19A002AE29085FF30095A45C /* SceneDelegate.swift */; };
		19A002B629085FF50095A45C /* Assets.xcassets in Resources */ = {isa = PBXBuildFile; fileRef = 19A002B529085FF50095A45C /* Assets.xcassets */; };
		19A002B929085FF50095A45C /* LaunchScreen.storyboard in Resources */ = {isa = PBXBuildFile; fileRef = 19A002B729085FF50095A45C /* LaunchScreen.storyboard */; };
		19A002C2290861B60095A45C /* WelcomeViewController.swift in Sources */ = {isa = PBXBuildFile; fileRef = 19A002C1290861B60095A45C /* WelcomeViewController.swift */; };
		19A002C5290862000095A45C /* CustomColors.swift in Sources */ = {isa = PBXBuildFile; fileRef = 19A002C4290862000095A45C /* CustomColors.swift */; };
		19A002C8290862490095A45C /* UIView+Pin.swift in Sources */ = {isa = PBXBuildFile; fileRef = 19A002C7290862490095A45C /* UIView+Pin.swift */; };
		19A002CA290862720095A45C /* CALayer+Shadow.swift in Sources */ = {isa = PBXBuildFile; fileRef = 19A002C9290862720095A45C /* CALayer+Shadow.swift */; };
		19A002CD2908640A0095A45C /* ColorPaletteView.swift in Sources */ = {isa = PBXBuildFile; fileRef = 19A002CC2908640A0095A45C /* ColorPaletteView.swift */; };
		19A002CF29086E6C0095A45C /* ColorPaletteView+SliderView.swift in Sources */ = {isa = PBXBuildFile; fileRef = 19A002CE29086E6C0095A45C /* ColorPaletteView+SliderView.swift */; };
		19A002D129091D850095A45C /* UIColor+colorComponent.swift in Sources */ = {isa = PBXBuildFile; fileRef = 19A002D029091D850095A45C /* UIColor+colorComponent.swift */; };
/* End PBXBuildFile section */

/* Begin PBXFileReference section */
		19A002A929085FF30095A45C /* dishvetsovPW3.app */ = {isa = PBXFileReference; explicitFileType = wrapper.application; includeInIndex = 0; path = dishvetsovPW3.app; sourceTree = BUILT_PRODUCTS_DIR; };
		19A002AC29085FF30095A45C /* AppDelegate.swift */ = {isa = PBXFileReference; lastKnownFileType = sourcecode.swift; path = AppDelegate.swift; sourceTree = "<group>"; };
		19A002AE29085FF30095A45C /* SceneDelegate.swift */ = {isa = PBXFileReference; lastKnownFileType = sourcecode.swift; path = SceneDelegate.swift; sourceTree = "<group>"; };
		19A002B529085FF50095A45C /* Assets.xcassets */ = {isa = PBXFileReference; lastKnownFileType = folder.assetcatalog; path = Assets.xcassets; sourceTree = "<group>"; };
		19A002B829085FF50095A45C /* Base */ = {isa = PBXFileReference; lastKnownFileType = file.storyboard; name = Base; path = Base.lproj/LaunchScreen.storyboard; sourceTree = "<group>"; };
		19A002BA29085FF50095A45C /* Info.plist */ = {isa = PBXFileReference; lastKnownFileType = text.plist.xml; path = Info.plist; sourceTree = "<group>"; };
		19A002C1290861B60095A45C /* WelcomeViewController.swift */ = {isa = PBXFileReference; lastKnownFileType = sourcecode.swift; path = WelcomeViewController.swift; sourceTree = "<group>"; };
		19A002C4290862000095A45C /* CustomColors.swift */ = {isa = PBXFileReference; lastKnownFileType = sourcecode.swift; path = CustomColors.swift; sourceTree = "<group>"; };
		19A002C7290862490095A45C /* UIView+Pin.swift */ = {isa = PBXFileReference; lastKnownFileType = sourcecode.swift; path = "UIView+Pin.swift"; sourceTree = "<group>"; };
		19A002C9290862720095A45C /* CALayer+Shadow.swift */ = {isa = PBXFileReference; lastKnownFileType = sourcecode.swift; path = "CALayer+Shadow.swift"; sourceTree = "<group>"; };
		19A002CC2908640A0095A45C /* ColorPaletteView.swift */ = {isa = PBXFileReference; lastKnownFileType = sourcecode.swift; path = ColorPaletteView.swift; sourceTree = "<group>"; };
		19A002CE29086E6C0095A45C /* ColorPaletteView+SliderView.swift */ = {isa = PBXFileReference; lastKnownFileType = sourcecode.swift; path = "ColorPaletteView+SliderView.swift"; sourceTree = "<group>"; };
		19A002D029091D850095A45C /* UIColor+colorComponent.swift */ = {isa = PBXFileReference; lastKnownFileType = sourcecode.swift; path = "UIColor+colorComponent.swift"; sourceTree = "<group>"; };
/* End PBXFileReference section */

/* Begin PBXFrameworksBuildPhase section */
		19A002A629085FF30095A45C /* Frameworks */ = {
			isa = PBXFrameworksBuildPhase;
			buildActionMask = 2147483647;
			files = (
			);
			runOnlyForDeploymentPostprocessing = 0;
		};
/* End PBXFrameworksBuildPhase section */

/* Begin PBXGroup section */
		19A002A029085FF30095A45C = {
			isa = PBXGroup;
			children = (
				19A002AB29085FF30095A45C /* dishvetsovPW3 */,
				19A002AA29085FF30095A45C /* Products */,
			);
			sourceTree = "<group>";
		};
		19A002AA29085FF30095A45C /* Products */ = {
			isa = PBXGroup;
			children = (
				19A002A929085FF30095A45C /* dishvetsovPW3.app */,
			);
			name = Products;
			sourceTree = "<group>";
		};
		19A002AB29085FF30095A45C /* dishvetsovPW3 */ = {
			isa = PBXGroup;
			children = (
				19A002CB290863E90095A45C /* Classes */,
				19A002C62908622D0095A45C /* Extensions */,
				19A002C0290861920095A45C /* Controllers */,
				19A002AC29085FF30095A45C /* AppDelegate.swift */,
				19A002AE29085FF30095A45C /* SceneDelegate.swift */,
				19A002B529085FF50095A45C /* Assets.xcassets */,
				19A002B729085FF50095A45C /* LaunchScreen.storyboard */,
				19A002BA29085FF50095A45C /* Info.plist */,
			);
			path = dishvetsovPW3;
			sourceTree = "<group>";
		};
		19A002C0290861920095A45C /* Controllers */ = {
			isa = PBXGroup;
			children = (
				19A002C1290861B60095A45C /* WelcomeViewController.swift */,
			);
			path = Controllers;
			sourceTree = "<group>";
		};
		19A002C62908622D0095A45C /* Extensions */ = {
			isa = PBXGroup;
			children = (
				19A002C7290862490095A45C /* UIView+Pin.swift */,
				19A002C9290862720095A45C /* CALayer+Shadow.swift */,
				19A002CE29086E6C0095A45C /* ColorPaletteView+SliderView.swift */,
				19A002D029091D850095A45C /* UIColor+colorComponent.swift */,
			);
			path = Extensions;
			sourceTree = "<group>";
		};
		19A002CB290863E90095A45C /* Classes */ = {
			isa = PBXGroup;
			children = (
				19A002C4290862000095A45C /* CustomColors.swift */,
				19A002CC2908640A0095A45C /* ColorPaletteView.swift */,
			);
			path = Classes;
			sourceTree = "<group>";
		};
/* End PBXGroup section */

/* Begin PBXNativeTarget section */
		19A002A829085FF30095A45C /* dishvetsovPW3 */ = {
			isa = PBXNativeTarget;
			buildConfigurationList = 19A002BD29085FF50095A45C /* Build configuration list for PBXNativeTarget "dishvetsovPW3" */;
			buildPhases = (
				19A002A529085FF30095A45C /* Sources */,
				19A002A629085FF30095A45C /* Frameworks */,
				19A002A729085FF30095A45C /* Resources */,
			);
			buildRules = (
			);
			dependencies = (
			);
			name = dishvetsovPW3;
			productName = dishvetsovPW3;
			productReference = 19A002A929085FF30095A45C /* dishvetsovPW3.app */;
			productType = "com.apple.product-type.application";
		};
/* End PBXNativeTarget section */

/* Begin PBXProject section */
		19A002A129085FF30095A45C /* Project object */ = {
			isa = PBXProject;
			attributes = {
				BuildIndependentTargetsInParallel = 1;
				LastSwiftUpdateCheck = 1320;
				LastUpgradeCheck = 1320;
				TargetAttributes = {
					19A002A829085FF30095A45C = {
						CreatedOnToolsVersion = 13.2;
					};
				};
			};
			buildConfigurationList = 19A002A429085FF30095A45C /* Build configuration list for PBXProject "dishvetsovPW3" */;
			compatibilityVersion = "Xcode 13.0";
			developmentRegion = en;
			hasScannedForEncodings = 0;
			knownRegions = (
				en,
				Base,
			);
			mainGroup = 19A002A029085FF30095A45C;
			productRefGroup = 19A002AA29085FF30095A45C /* Products */;
			projectDirPath = "";
			projectRoot = "";
			targets = (
				19A002A829085FF30095A45C /* dishvetsovPW3 */,
			);
		};
/* End PBXProject section */

/* Begin PBXResourcesBuildPhase section */
		19A002A729085FF30095A45C /* Resources */ = {
			isa = PBXResourcesBuildPhase;
			buildActionMask = 2147483647;
			files = (
				19A002B929085FF50095A45C /* LaunchScreen.storyboard in Resources */,
				19A002B629085FF50095A45C /* Assets.xcassets in Resources */,
			);
			runOnlyForDeploymentPostprocessing = 0;
		};
/* End PBXResourcesBuildPhase section */

/* Begin PBXSourcesBuildPhase section */
		19A002A529085FF30095A45C /* Sources */ = {
			isa = PBXSourcesBuildPhase;
			buildActionMask = 2147483647;
			files = (
				19A002C8290862490095A45C /* UIView+Pin.swift in Sources */,
				19A002C2290861B60095A45C /* WelcomeViewController.swift in Sources */,
				19A002CF29086E6C0095A45C /* ColorPaletteView+SliderView.swift in Sources */,
				19A002CD2908640A0095A45C /* ColorPaletteView.swift in Sources */,
				19A002AD29085FF30095A45C /* AppDelegate.swift in Sources */,
				19A002C5290862000095A45C /* CustomColors.swift in Sources */,
				19A002D129091D850095A45C /* UIColor+colorComponent.swift in Sources */,
				19A002AF29085FF30095A45C /* SceneDelegate.swift in Sources */,
				19A002CA290862720095A45C /* CALayer+Shadow.swift in Sources */,
			);
			runOnlyForDeploymentPostprocessing = 0;
		};
/* End PBXSourcesBuildPhase section */

/* Begin PBXVariantGroup section */
		19A002B729085FF50095A45C /* LaunchScreen.storyboard */ = {
			isa = PBXVariantGroup;
			children = (
				19A002B829085FF50095A45C /* Base */,
			);
			name = LaunchScreen.storyboard;
			sourceTree = "<group>";
		};
/* End PBXVariantGroup section */

/* Begin XCBuildConfiguration section */
		19A002BB29085FF50095A45C /* Debug */ = {
			isa = XCBuildConfiguration;
			buildSettings = {
				ALWAYS_SEARCH_USER_PATHS = NO;
				CLANG_ANALYZER_NONNULL = YES;
				CLANG_ANALYZER_NUMBER_OBJECT_CONVERSION = YES_AGGRESSIVE;
				CLANG_CXX_LANGUAGE_STANDARD = "gnu++17";
				CLANG_CXX_LIBRARY = "libc++";
				CLANG_ENABLE_MODULES = YES;
				CLANG_ENABLE_OBJC_ARC = YES;
				CLANG_ENABLE_OBJC_WEAK = YES;
				CLANG_WARN_BLOCK_CAPTURE_AUTORELEASING = YES;
				CLANG_WARN_BOOL_CONVERSION = YES;
				CLANG_WARN_COMMA = YES;
				CLANG_WARN_CONSTANT_CONVERSION = YES;
				CLANG_WARN_DEPRECATED_OBJC_IMPLEMENTATIONS = YES;
				CLANG_WARN_DIRECT_OBJC_ISA_USAGE = YES_ERROR;
				CLANG_WARN_DOCUMENTATION_COMMENTS = YES;
				CLANG_WARN_EMPTY_BODY = YES;
				CLANG_WARN_ENUM_CONVERSION = YES;
				CLANG_WARN_INFINITE_RECURSION = YES;
				CLANG_WARN_INT_CONVERSION = YES;
				CLANG_WARN_NON_LITERAL_NULL_CONVERSION = YES;
				CLANG_WARN_OBJC_IMPLICIT_RETAIN_SELF = YES;
				CLANG_WARN_OBJC_LITERAL_CONVERSION = YES;
				CLANG_WARN_OBJC_ROOT_CLASS = YES_ERROR;
				CLANG_WARN_QUOTED_INCLUDE_IN_FRAMEWORK_HEADER = YES;
				CLANG_WARN_RANGE_LOOP_ANALYSIS = YES;
				CLANG_WARN_STRICT_PROTOTYPES = YES;
				CLANG_WARN_SUSPICIOUS_MOVE = YES;
				CLANG_WARN_UNGUARDED_AVAILABILITY = YES_AGGRESSIVE;
				CLANG_WARN_UNREACHABLE_CODE = YES;
				CLANG_WARN__DUPLICATE_METHOD_MATCH = YES;
				COPY_PHASE_STRIP = NO;
				DEBUG_INFORMATION_FORMAT = dwarf;
				ENABLE_STRICT_OBJC_MSGSEND = YES;
				ENABLE_TESTABILITY = YES;
				GCC_C_LANGUAGE_STANDARD = gnu11;
				GCC_DYNAMIC_NO_PIC = NO;
				GCC_NO_COMMON_BLOCKS = YES;
				GCC_OPTIMIZATION_LEVEL = 0;
				GCC_PREPROCESSOR_DEFINITIONS = (
					"DEBUG=1",
					"$(inherited)",
				);
				GCC_WARN_64_TO_32_BIT_CONVERSION = YES;
				GCC_WARN_ABOUT_RETURN_TYPE = YES_ERROR;
				GCC_WARN_UNDECLARED_SELECTOR = YES;
				GCC_WARN_UNINITIALIZED_AUTOS = YES_AGGRESSIVE;
				GCC_WARN_UNUSED_FUNCTION = YES;
				GCC_WARN_UNUSED_VARIABLE = YES;
				IPHONEOS_DEPLOYMENT_TARGET = 15.2;
				MTL_ENABLE_DEBUG_INFO = INCLUDE_SOURCE;
				MTL_FAST_MATH = YES;
				ONLY_ACTIVE_ARCH = YES;
				SDKROOT = iphoneos;
				SWIFT_ACTIVE_COMPILATION_CONDITIONS = DEBUG;
				SWIFT_OPTIMIZATION_LEVEL = "-Onone";
			};
			name = Debug;
		};
		19A002BC29085FF50095A45C /* Release */ = {
			isa = XCBuildConfiguration;
			buildSettings = {
				ALWAYS_SEARCH_USER_PATHS = NO;
				CLANG_ANALYZER_NONNULL = YES;
				CLANG_ANALYZER_NUMBER_OBJECT_CONVERSION = YES_AGGRESSIVE;
				CLANG_CXX_LANGUAGE_STANDARD = "gnu++17";
				CLANG_CXX_LIBRARY = "libc++";
				CLANG_ENABLE_MODULES = YES;
				CLANG_ENABLE_OBJC_ARC = YES;
				CLANG_ENABLE_OBJC_WEAK = YES;
				CLANG_WARN_BLOCK_CAPTURE_AUTORELEASING = YES;
				CLANG_WARN_BOOL_CONVERSION = YES;
				CLANG_WARN_COMMA = YES;
				CLANG_WARN_CONSTANT_CONVERSION = YES;
				CLANG_WARN_DEPRECATED_OBJC_IMPLEMENTATIONS = YES;
				CLANG_WARN_DIRECT_OBJC_ISA_USAGE = YES_ERROR;
				CLANG_WARN_DOCUMENTATION_COMMENTS = YES;
				CLANG_WARN_EMPTY_BODY = YES;
				CLANG_WARN_ENUM_CONVERSION = YES;
				CLANG_WARN_INFINITE_RECURSION = YES;
				CLANG_WARN_INT_CONVERSION = YES;
				CLANG_WARN_NON_LITERAL_NULL_CONVERSION = YES;
				CLANG_WARN_OBJC_IMPLICIT_RETAIN_SELF = YES;
				CLANG_WARN_OBJC_LITERAL_CONVERSION = YES;
				CLANG_WARN_OBJC_ROOT_CLASS = YES_ERROR;
				CLANG_WARN_QUOTED_INCLUDE_IN_FRAMEWORK_HEADER = YES;
				CLANG_WARN_RANGE_LOOP_ANALYSIS = YES;
				CLANG_WARN_STRICT_PROTOTYPES = YES;
				CLANG_WARN_SUSPICIOUS_MOVE = YES;
				CLANG_WARN_UNGUARDED_AVAILABILITY = YES_AGGRESSIVE;
				CLANG_WARN_UNREACHABLE_CODE = YES;
				CLANG_WARN__DUPLICATE_METHOD_MATCH = YES;
				COPY_PHASE_STRIP = NO;
				DEBUG_INFORMATION_FORMAT = "dwarf-with-dsym";
				ENABLE_NS_ASSERTIONS = NO;
				ENABLE_STRICT_OBJC_MSGSEND = YES;
				GCC_C_LANGUAGE_STANDARD = gnu11;
				GCC_NO_COMMON_BLOCKS = YES;
				GCC_WARN_64_TO_32_BIT_CONVERSION = YES;
				GCC_WARN_ABOUT_RETURN_TYPE = YES_ERROR;
				GCC_WARN_UNDECLARED_SELECTOR = YES;
				GCC_WARN_UNINITIALIZED_AUTOS = YES_AGGRESSIVE;
				GCC_WARN_UNUSED_FUNCTION = YES;
				GCC_WARN_UNUSED_VARIABLE = YES;
				IPHONEOS_DEPLOYMENT_TARGET = 15.2;
				MTL_ENABLE_DEBUG_INFO = NO;
				MTL_FAST_MATH = YES;
				SDKROOT = iphoneos;
				SWIFT_COMPILATION_MODE = wholemodule;
				SWIFT_OPTIMIZATION_LEVEL = "-O";
				VALIDATE_PRODUCT = YES;
			};
			name = Release;
		};
		19A002BE29085FF50095A45C /* Debug */ = {
			isa = XCBuildConfiguration;
			buildSettings = {
				ASSETCATALOG_COMPILER_APPICON_NAME = AppIcon;
				ASSETCATALOG_COMPILER_GLOBAL_ACCENT_COLOR_NAME = AccentColor;
				CODE_SIGN_STYLE = Automatic;
				CURRENT_PROJECT_VERSION = 1;
				DEVELOPMENT_TEAM = ZH6U8ZBF79;
				GENERATE_INFOPLIST_FILE = YES;
				INFOPLIST_FILE = dishvetsovPW3/Info.plist;
				INFOPLIST_KEY_UIApplicationSupportsIndirectInputEvents = YES;
				INFOPLIST_KEY_UILaunchStoryboardName = LaunchScreen;
				INFOPLIST_KEY_UISupportedInterfaceOrientations = UIInterfaceOrientationPortrait;
				INFOPLIST_KEY_UISupportedInterfaceOrientations_iPad = "UIInterfaceOrientationPortrait UIInterfaceOrientationPortraitUpsideDown UIInterfaceOrientationLandscapeLeft UIInterfaceOrientationLandscapeRight";
				INFOPLIST_KEY_UISupportedInterfaceOrientations_iPhone = "UIInterfaceOrientationPortrait UIInterfaceOrientationLandscapeLeft UIInterfaceOrientationLandscapeRight";
				LD_RUNPATH_SEARCH_PATHS = (
					"$(inherited)",
					"@executable_path/Frameworks",
				);
				MARKETING_VERSION = 1.0;
				PRODUCT_BUNDLE_IDENTIFIER = hse.dishvetsovPW3;
				PRODUCT_NAME = "$(TARGET_NAME)";
				SWIFT_EMIT_LOC_STRINGS = YES;
				SWIFT_VERSION = 5.0;
				TARGETED_DEVICE_FAMILY = 1;
			};
			name = Debug;
		};
		19A002BF29085FF50095A45C /* Release */ = {
			isa = XCBuildConfiguration;
			buildSettings = {
				ASSETCATALOG_COMPILER_APPICON_NAME = AppIcon;
				ASSETCATALOG_COMPILER_GLOBAL_ACCENT_COLOR_NAME = AccentColor;
				CODE_SIGN_STYLE = Automatic;
				CURRENT_PROJECT_VERSION = 1;
				DEVELOPMENT_TEAM = ZH6U8ZBF79;
				GENERATE_INFOPLIST_FILE = YES;
				INFOPLIST_FILE = dishvetsovPW3/Info.plist;
				INFOPLIST_KEY_UIApplicationSupportsIndirectInputEvents = YES;
				INFOPLIST_KEY_UILaunchStoryboardName = LaunchScreen;
				INFOPLIST_KEY_UISupportedInterfaceOrientations = UIInterfaceOrientationPortrait;
				INFOPLIST_KEY_UISupportedInterfaceOrientations_iPad = "UIInterfaceOrientationPortrait UIInterfaceOrientationPortraitUpsideDown UIInterfaceOrientationLandscapeLeft UIInterfaceOrientationLandscapeRight";
				INFOPLIST_KEY_UISupportedInterfaceOrientations_iPhone = "UIInterfaceOrientationPortrait UIInterfaceOrientationLandscapeLeft UIInterfaceOrientationLandscapeRight";
				LD_RUNPATH_SEARCH_PATHS = (
					"$(inherited)",
					"@executable_path/Frameworks",
				);
				MARKETING_VERSION = 1.0;
				PRODUCT_BUNDLE_IDENTIFIER = hse.dishvetsovPW3;
				PRODUCT_NAME = "$(TARGET_NAME)";
				SWIFT_EMIT_LOC_STRINGS = YES;
				SWIFT_VERSION = 5.0;
				TARGETED_DEVICE_FAMILY = 1;
			};
			name = Release;
		};
/* End XCBuildConfiguration section */

/* Begin XCConfigurationList section */
		19A002A429085FF30095A45C /* Build configuration list for PBXProject "dishvetsovPW3" */ = {
			isa = XCConfigurationList;
			buildConfigurations = (
				19A002BB29085FF50095A45C /* Debug */,
				19A002BC29085FF50095A45C /* Release */,
			);
			defaultConfigurationIsVisible = 0;
			defaultConfigurationName = Release;
		};
		19A002BD29085FF50095A45C /* Build configuration list for PBXNativeTarget "dishvetsovPW3" */ = {
			isa = XCConfigurationList;
			buildConfigurations = (
				19A002BE29085FF50095A45C /* Debug */,
				19A002BF29085FF50095A45C /* Release */,
			);
			defaultConfigurationIsVisible = 0;
			defaultConfigurationName = Release;
		};
/* End XCConfigurationList section */
	};
	rootObject = 19A002A129085FF30095A45C /* Project object */;
}
